
Microsoft Visual Studio Solution File, Format Version 12.00
# Visual Studio Version 17
VisualStudioVersion = 17.0.31903.59
MinimumVisualStudioVersion = 10.0.40219.1
Project("{FAE04EC0-301F-11D3-BF4B-00C04F79EFBC}") = "Karamem0.ZennSearch.Functions", "Karamem0.ZennSearch.Functions\Karamem0.ZennSearch.Functions.csproj", "{BCA46BA1-F6D2-47F8-8306-4EFFCD478113}"
EndProject
Project("{FAE04EC0-301F-11D3-BF4B-00C04F79EFBC}") = "Karamem0.ZennSearch.Tests", "Karamem0.ZennSearch.Tests\Karamem0.ZennSearch.Tests.csproj", "{30C2E899-0134-4780-84BD-548A838DCE2A}"
EndProject
Global
	GlobalSection(SolutionConfigurationPlatforms) = preSolution
		Debug|Any CPU = Debug|Any CPU
		Release|Any CPU = Release|Any CPU
	EndGlobalSection
	GlobalSection(SolutionProperties) = preSolution
		HideSolutionNode = FALSE
	EndGlobalSection
	GlobalSection(ProjectConfigurationPlatforms) = postSolution
		{BCA46BA1-F6D2-47F8-8306-4EFFCD478113}.Debug|Any CPU.ActiveCfg = Debug|Any CPU
		{BCA46BA1-F6D2-47F8-8306-4EFFCD478113}.Debug|Any CPU.Build.0 = Debug|Any CPU
		{BCA46BA1-F6D2-47F8-8306-4EFFCD478113}.Release|Any CPU.ActiveCfg = Release|Any CPU
		{BCA46BA1-F6D2-47F8-8306-4EFFCD478113}.Release|Any CPU.Build.0 = Release|Any CPU
		{30C2E899-0134-4780-84BD-548A838DCE2A}.Debug|Any CPU.ActiveCfg = Debug|Any CPU
		{30C2E899-0134-4780-84BD-548A838DCE2A}.Debug|Any CPU.Build.0 = Debug|Any CPU
		{30C2E899-0134-4780-84BD-548A838DCE2A}.Release|Any CPU.ActiveCfg = Release|Any CPU
		{30C2E899-0134-4780-84BD-548A838DCE2A}.Release|Any CPU.Build.0 = Release|Any CPU
	EndGlobalSection
EndGlobal
